
Microsoft Visual Studio Solution File, Format Version 12.00
# Visual Studio Version 17
VisualStudioVersion = 17.5.002.0
MinimumVisualStudioVersion = 10.0.40219.1
Project("{9A19103F-16F7-4668-BE54-9A1E7A4F7556}") = "PersonalFinanceAPI", "PersonalFinanceAPI\PersonalFinanceAPI.csproj", "{27FB0D24-6547-4C01-B97A-CD3BCAF75CA0}"
EndProject
Global
	GlobalSection(SolutionConfigurationPlatforms) = preSolution
		Debug|Any CPU = Debug|Any CPU
		Release|Any CPU = Release|Any CPU
	EndGlobalSection
	GlobalSection(ProjectConfigurationPlatforms) = postSolution
		{27FB0D24-6547-4C01-B97A-CD3BCAF75CA0}.Debug|Any CPU.ActiveCfg = Debug|Any CPU
		{27FB0D24-6547-4C01-B97A-CD3BCAF75CA0}.Debug|Any CPU.Build.0 = Debug|Any CPU
		{27FB0D24-6547-4C01-B97A-CD3BCAF75CA0}.Release|Any CPU.ActiveCfg = Release|Any CPU
		{27FB0D24-6547-4C01-B97A-CD3BCAF75CA0}.Release|Any CPU.Build.0 = Release|Any CPU
	EndGlobalSection
	GlobalSection(SolutionProperties) = preSolution
		HideSolutionNode = FALSE
	EndGlobalSection
	GlobalSection(ExtensibilityGlobals) = postSolution
		SolutionGuid = {146AD9D2-74B6-4B1C-B00A-D19D67BE3CC3}
	EndGlobalSection
EndGlobal
